
Microsoft Visual Studio Solution File, Format Version 12.00
# Visual Studio 15
VisualStudioVersion = 15.0.26430.13
MinimumVisualStudioVersion = 10.0.40219.1
Project("{9A19103F-16F7-4668-BE54-9A1E7A4F7556}") = "Easy", "Easy\Easy.csproj", "{2992A88B-FAD5-4606-A6DE-EFD21A592B81}"
EndProject
Project("{9A19103F-16F7-4668-BE54-9A1E7A4F7556}") = "Easy.Core", "Easy.Core\Easy.Core.csproj", "{845BBCEC-6315-4A6D-92A1-2F149CB06AA5}"
EndProject
Project("{9A19103F-16F7-4668-BE54-9A1E7A4F7556}") = "Easy.Data", "Easy.Data\Easy.Data.csproj", "{62768072-B962-4F95-AE64-14FF9ED008B2}"
EndProject
Project("{9A19103F-16F7-4668-BE54-9A1E7A4F7556}") = "Easy.Test", "Easy.Test\Easy.Test.csproj", "{75D8BCA8-446E-4B8F-9D19-C23FD8CDC1E0}"
EndProject
Global
	GlobalSection(SolutionConfigurationPlatforms) = preSolution
		Debug|Any CPU = Debug|Any CPU
		Release|Any CPU = Release|Any CPU
	EndGlobalSection
	GlobalSection(ProjectConfigurationPlatforms) = postSolution
		{2992A88B-FAD5-4606-A6DE-EFD21A592B81}.Debug|Any CPU.ActiveCfg = Debug|Any CPU
		{2992A88B-FAD5-4606-A6DE-EFD21A592B81}.Debug|Any CPU.Build.0 = Debug|Any CPU
		{2992A88B-FAD5-4606-A6DE-EFD21A592B81}.Release|Any CPU.ActiveCfg = Release|Any CPU
		{2992A88B-FAD5-4606-A6DE-EFD21A592B81}.Release|Any CPU.Build.0 = Release|Any CPU
		{845BBCEC-6315-4A6D-92A1-2F149CB06AA5}.Debug|Any CPU.ActiveCfg = Debug|Any CPU
		{845BBCEC-6315-4A6D-92A1-2F149CB06AA5}.Debug|Any CPU.Build.0 = Debug|Any CPU
		{845BBCEC-6315-4A6D-92A1-2F149CB06AA5}.Release|Any CPU.ActiveCfg = Release|Any CPU
		{845BBCEC-6315-4A6D-92A1-2F149CB06AA5}.Release|Any CPU.Build.0 = Release|Any CPU
		{62768072-B962-4F95-AE64-14FF9ED008B2}.Debug|Any CPU.ActiveCfg = Debug|Any CPU
		{62768072-B962-4F95-AE64-14FF9ED008B2}.Debug|Any CPU.Build.0 = Debug|Any CPU
		{62768072-B962-4F95-AE64-14FF9ED008B2}.Release|Any CPU.ActiveCfg = Release|Any CPU
		{62768072-B962-4F95-AE64-14FF9ED008B2}.Release|Any CPU.Build.0 = Release|Any CPU
		{75D8BCA8-446E-4B8F-9D19-C23FD8CDC1E0}.Debug|Any CPU.ActiveCfg = Debug|Any CPU
		{75D8BCA8-446E-4B8F-9D19-C23FD8CDC1E0}.Debug|Any CPU.Build.0 = Debug|Any CPU
		{75D8BCA8-446E-4B8F-9D19-C23FD8CDC1E0}.Release|Any CPU.ActiveCfg = Release|Any CPU
		{75D8BCA8-446E-4B8F-9D19-C23FD8CDC1E0}.Release|Any CPU.Build.0 = Release|Any CPU
	EndGlobalSection
	GlobalSection(SolutionProperties) = preSolution
		HideSolutionNode = FALSE
	EndGlobalSection
	GlobalSection(ExtensibilityGlobals) = postSolution
		SolutionGuid = {D8356842-6CF2-4BA8-A87F-632EEA4087AE}
	EndGlobalSection
EndGlobal
